{
  "name": "todo-api",
  "version": "0.0.1",
  "lockfileVersion": 2,
  "requires": true,
  "packages": {
    "": {
      "name": "todo-api",
      "version": "0.0.1",
      "dependencies": {
        "@tsndr/cloudflare-worker-jwt": "^2.5.3",
        "bcryptjs": "^2.4.3",
        "hono": "^4.5.3"
      },
      "devDependencies": {
        "@cloudflare/workers-types": "^4.20240729.0",
        "@types/bcryptjs": "^2.4.6",
        "@types/jsonwebtoken": "^9.0.6",
        "typescript": "^5.5.4"
      }
    },
    "node_modules/@cloudflare/workers-types": {
      "version": "4.20240729.0",
      "resolved": "https://registry.npmjs.org/@cloudflare/workers-types/-/workers-types-4.20240729.0.tgz",
      "integrity": "sha512-wfe44YQkv5T9aBr/z95P706r2/Ydg32weJYyBOhvge7FqtdY6mM7l39rybNiJrbJoyN16dd0xxyQMf23aJNC6Q==",
      "dev": true
    },
    "node_modules/@tsndr/cloudflare-worker-jwt": {
      "version": "2.5.3",
      "resolved": "https://registry.npmjs.org/@tsndr/cloudflare-worker-jwt/-/cloudflare-worker-jwt-2.5.3.tgz",
      "integrity": "sha512-zbdvjRG86y/ObiBgTJrzBC39t2FcaeGwB6AV7VO4LvHKJNyZvLYRbKT68eaoJhnJldyHhs7yZ69neRVdUd9knA=="
    },
    "node_modules/@types/bcryptjs": {
      "version": "2.4.6",
      "resolved": "https://registry.npmjs.org/@types/bcryptjs/-/bcryptjs-2.4.6.tgz",
      "integrity": "sha512-9xlo6R2qDs5uixm0bcIqCeMCE6HiQsIyel9KQySStiyqNl2tnj2mP3DX1Nf56MD6KMenNNlBBsy3LJ7gUEQPXQ==",
      "dev": true
    },
    "node_modules/@types/jsonwebtoken": {
      "version": "9.0.6",
      "resolved": "https://registry.npmjs.org/@types/jsonwebtoken/-/jsonwebtoken-9.0.6.tgz",
      "integrity": "sha512-/5hndP5dCjloafCXns6SZyESp3Ldq7YjH3zwzwczYnjxIT0Fqzk5ROSYVGfFyczIue7IUEj8hkvLbPoLQ18vQw==",
      "dev": true,
      "dependencies": {
        "@types/node": "*"
      }
    },
    "node_modules/@types/node": {
      "version": "20.5.9",
      "resolved": "https://registry.npmjs.org/@types/node/-/node-20.5.9.tgz",
      "integrity": "sha512-PcGNd//40kHAS3sTlzKB9C9XL4K0sTup8nbG5lC14kzEteTNuAFh9u5nA0o5TWnSG2r/JNPRXFVcHJIIeRlmqQ==",
      "dev": true
    },
    "node_modules/bcryptjs": {
      "version": "2.4.3",
      "resolved": "https://registry.npmjs.org/bcryptjs/-/bcryptjs-2.4.3.tgz",
      "integrity": "sha512-V/Hy/X9Vt7f3BbPJEi8BdVFMByHi+jNXrYkW3huaybV/kQ0KJg0Y6PkEMbn+zeT+i+SiKZ/HMqJGIIt4LZDqNQ=="
    },
    "node_modules/hono": {
      "version": "4.5.3",
      "resolved": "https://registry.npmjs.org/hono/-/hono-4.5.3.tgz",
      "integrity": "sha512-r26WwwbKD3BAYdfB294knNnegNda7VfV1tVn66D9Kvl9WQTdrR+5eKdoeaQNHQcC3Gr0KBikzAtjd6VsRGVSaw==",
      "engines": {
        "node": ">=16.0.0"
      }
    },
    "node_modules/typescript": {
      "version": "5.5.4",
      "resolved": "https://registry.npmjs.org/typescript/-/typescript-5.5.4.tgz",
      "integrity": "sha512-Mtq29sKDAEYP7aljRgtPOpTvOfbwRWlS6dPRzwjdE+C0R4brX/GUyhHSecbHMFLNBLcJIPt9nl9yG5TZ1weH+Q==",
      "dev": true,
      "bin": {
        "tsc": "bin/tsc",
        "tsserver": "bin/tsserver"
      },
      "engines": {
        "node": ">=14.17"
      }
    }
  },
  "dependencies": {
    "@cloudflare/workers-types": {
      "version": "4.20240729.0",
      "resolved": "https://registry.npmjs.org/@cloudflare/workers-types/-/workers-types-4.20240729.0.tgz",
      "integrity": "sha512-wfe44YQkv5T9aBr/z95P706r2/Ydg32weJYyBOhvge7FqtdY6mM7l39rybNiJrbJoyN16dd0xxyQMf23aJNC6Q==",
      "dev": true
    },
    "@tsndr/cloudflare-worker-jwt": {
      "version": "2.5.3",
      "resolved": "https://registry.npmjs.org/@tsndr/cloudflare-worker-jwt/-/cloudflare-worker-jwt-2.5.3.tgz",
      "integrity": "sha512-zbdvjRG86y/ObiBgTJrzBC39t2FcaeGwB6AV7VO4LvHKJNyZvLYRbKT68eaoJhnJldyHhs7yZ69neRVdUd9knA=="
    },
    "@types/bcryptjs": {
      "version": "2.4.6",
      "resolved": "https://registry.npmjs.org/@types/bcryptjs/-/bcryptjs-2.4.6.tgz",
      "integrity": "sha512-9xlo6R2qDs5uixm0bcIqCeMCE6HiQsIyel9KQySStiyqNl2tnj2mP3DX1Nf56MD6KMenNNlBBsy3LJ7gUEQPXQ==",
      "dev": true
    },
    "@types/jsonwebtoken": {
      "version": "9.0.6",
      "resolved": "https://registry.npmjs.org/@types/jsonwebtoken/-/jsonwebtoken-9.0.6.tgz",
      "integrity": "sha512-/5hndP5dCjloafCXns6SZyESp3Ldq7YjH3zwzwczYnjxIT0Fqzk5ROSYVGfFyczIue7IUEj8hkvLbPoLQ18vQw==",
      "dev": true,
      "requires": {
        "@types/node": "*"
      }
    },
    "@types/node": {
      "version": "20.5.9",
      "resolved": "https://registry.npmjs.org/@types/node/-/node-20.5.9.tgz",
      "integrity": "sha512-PcGNd//40kHAS3sTlzKB9C9XL4K0sTup8nbG5lC14kzEteTNuAFh9u5nA0o5TWnSG2r/JNPRXFVcHJIIeRlmqQ==",
      "dev": true
    },
    "bcryptjs": {
      "version": "2.4.3",
      "resolved": "https://registry.npmjs.org/bcryptjs/-/bcryptjs-2.4.3.tgz",
      "integrity": "sha512-V/Hy/X9Vt7f3BbPJEi8BdVFMByHi+jNXrYkW3huaybV/kQ0KJg0Y6PkEMbn+zeT+i+SiKZ/HMqJGIIt4LZDqNQ=="
    },
    "hono": {
      "version": "4.5.3",
      "resolved": "https://registry.npmjs.org/hono/-/hono-4.5.3.tgz",
      "integrity": "sha512-r26WwwbKD3BAYdfB294knNnegNda7VfV1tVn66D9Kvl9WQTdrR+5eKdoeaQNHQcC3Gr0KBikzAtjd6VsRGVSaw=="
    },
    "typescript": {
      "version": "5.5.4",
      "resolved": "https://registry.npmjs.org/typescript/-/typescript-5.5.4.tgz",
      "integrity": "sha512-Mtq29sKDAEYP7aljRgtPOpTvOfbwRWlS6dPRzwjdE+C0R4brX/GUyhHSecbHMFLNBLcJIPt9nl9yG5TZ1weH+Q==",
      "dev": true
    }
  }
}
