{
  "name": "todo-api",
  "version": "0.0.1",
  "lockfileVersion": 2,
  "requires": true,
  "packages": {
    "": {
      "name": "todo-api",
      "version": "0.0.1",
      "dependencies": {
        "@tsndr/cloudflare-worker-jwt": "^2.2.5",
        "bcryptjs": "^2.4.3",
        "hono": "^3.9.0"
      },
      "devDependencies": {
        "@cloudflare/workers-types": "^4.20231016.0",
        "@types/bcryptjs": "^2.4.5",
        "@types/jsonwebtoken": "^9.0.4",
        "typescript": "^5.2.2"
      }
    },
    "node_modules/@cloudflare/workers-types": {
      "version": "4.20231016.0",
      "resolved": "https://registry.npmjs.org/@cloudflare/workers-types/-/workers-types-4.20231016.0.tgz",
      "integrity": "sha512-eGB0cRVyoJpeyGJx2re5sbd9R316a61sY73xwnqm4cwGpb+OxCK2gc651RxGiN7H4w6LY1RpysUgeGLmj5B3+g==",
      "dev": true
    },
    "node_modules/@tsndr/cloudflare-worker-jwt": {
      "version": "2.2.5",
      "resolved": "https://registry.npmjs.org/@tsndr/cloudflare-worker-jwt/-/cloudflare-worker-jwt-2.2.5.tgz",
      "integrity": "sha512-zK177o49c09sa8yEp2/OPfyh+I/SHY/SZ9kxYQC33F8PotrrZgJjY4X3yqu4BFX4lC7RYI1tSXBDQP9Yo9p6/w=="
    },
    "node_modules/@types/bcryptjs": {
      "version": "2.4.5",
      "resolved": "https://registry.npmjs.org/@types/bcryptjs/-/bcryptjs-2.4.5.tgz",
      "integrity": "sha512-tOF6TivOIvq+TWQm78335CMdyVJhpBG3NUdWQDAp95ax4E2rSKbws/ELHLk5EBoucwx/tHt3/hhLOHwWJgVrSw==",
      "dev": true
    },
    "node_modules/@types/jsonwebtoken": {
      "version": "9.0.4",
      "resolved": "https://registry.npmjs.org/@types/jsonwebtoken/-/jsonwebtoken-9.0.4.tgz",
      "integrity": "sha512-8UYapdmR0QlxgvJmyE8lP7guxD0UGVMfknsdtCFZh4ovShdBl3iOI4zdvqBHrB/IS+xUj3PSx73Qkey1fhWz+g==",
      "dev": true,
      "dependencies": {
        "@types/node": "*"
      }
    },
    "node_modules/@types/node": {
      "version": "20.5.9",
      "resolved": "https://registry.npmjs.org/@types/node/-/node-20.5.9.tgz",
      "integrity": "sha512-PcGNd//40kHAS3sTlzKB9C9XL4K0sTup8nbG5lC14kzEteTNuAFh9u5nA0o5TWnSG2r/JNPRXFVcHJIIeRlmqQ==",
      "dev": true
    },
    "node_modules/bcryptjs": {
      "version": "2.4.3",
      "resolved": "https://registry.npmjs.org/bcryptjs/-/bcryptjs-2.4.3.tgz",
      "integrity": "sha512-V/Hy/X9Vt7f3BbPJEi8BdVFMByHi+jNXrYkW3huaybV/kQ0KJg0Y6PkEMbn+zeT+i+SiKZ/HMqJGIIt4LZDqNQ=="
    },
    "node_modules/hono": {
      "version": "3.9.0",
      "resolved": "https://registry.npmjs.org/hono/-/hono-3.9.0.tgz",
      "integrity": "sha512-MSGmerYD69jwDkBa631lY7y3xtEwbKFg2huFZ0TruzCdfJlmPd/rFzyvmMheePKsiA7CZp/KqL3mflBOzEmjLA==",
      "engines": {
        "node": ">=16.0.0"
      }
    },
    "node_modules/typescript": {
      "version": "5.2.2",
      "resolved": "https://registry.npmjs.org/typescript/-/typescript-5.2.2.tgz",
      "integrity": "sha512-mI4WrpHsbCIcwT9cF4FZvr80QUeKvsUsUvKDoR+X/7XHQH98xYD8YHZg7ANtz2GtZt/CBq2QJ0thkGJMHfqc1w==",
      "dev": true,
      "bin": {
        "tsc": "bin/tsc",
        "tsserver": "bin/tsserver"
      },
      "engines": {
        "node": ">=14.17"
      }
    }
  },
  "dependencies": {
    "@cloudflare/workers-types": {
      "version": "4.20231016.0",
      "resolved": "https://registry.npmjs.org/@cloudflare/workers-types/-/workers-types-4.20231016.0.tgz",
      "integrity": "sha512-eGB0cRVyoJpeyGJx2re5sbd9R316a61sY73xwnqm4cwGpb+OxCK2gc651RxGiN7H4w6LY1RpysUgeGLmj5B3+g==",
      "dev": true
    },
    "@tsndr/cloudflare-worker-jwt": {
      "version": "2.2.5",
      "resolved": "https://registry.npmjs.org/@tsndr/cloudflare-worker-jwt/-/cloudflare-worker-jwt-2.2.5.tgz",
      "integrity": "sha512-zK177o49c09sa8yEp2/OPfyh+I/SHY/SZ9kxYQC33F8PotrrZgJjY4X3yqu4BFX4lC7RYI1tSXBDQP9Yo9p6/w=="
    },
    "@types/bcryptjs": {
      "version": "2.4.5",
      "resolved": "https://registry.npmjs.org/@types/bcryptjs/-/bcryptjs-2.4.5.tgz",
      "integrity": "sha512-tOF6TivOIvq+TWQm78335CMdyVJhpBG3NUdWQDAp95ax4E2rSKbws/ELHLk5EBoucwx/tHt3/hhLOHwWJgVrSw==",
      "dev": true
    },
    "@types/jsonwebtoken": {
      "version": "9.0.4",
      "resolved": "https://registry.npmjs.org/@types/jsonwebtoken/-/jsonwebtoken-9.0.4.tgz",
      "integrity": "sha512-8UYapdmR0QlxgvJmyE8lP7guxD0UGVMfknsdtCFZh4ovShdBl3iOI4zdvqBHrB/IS+xUj3PSx73Qkey1fhWz+g==",
      "dev": true,
      "requires": {
        "@types/node": "*"
      }
    },
    "@types/node": {
      "version": "20.5.9",
      "resolved": "https://registry.npmjs.org/@types/node/-/node-20.5.9.tgz",
      "integrity": "sha512-PcGNd//40kHAS3sTlzKB9C9XL4K0sTup8nbG5lC14kzEteTNuAFh9u5nA0o5TWnSG2r/JNPRXFVcHJIIeRlmqQ==",
      "dev": true
    },
    "bcryptjs": {
      "version": "2.4.3",
      "resolved": "https://registry.npmjs.org/bcryptjs/-/bcryptjs-2.4.3.tgz",
      "integrity": "sha512-V/Hy/X9Vt7f3BbPJEi8BdVFMByHi+jNXrYkW3huaybV/kQ0KJg0Y6PkEMbn+zeT+i+SiKZ/HMqJGIIt4LZDqNQ=="
    },
    "hono": {
      "version": "3.9.0",
      "resolved": "https://registry.npmjs.org/hono/-/hono-3.9.0.tgz",
      "integrity": "sha512-MSGmerYD69jwDkBa631lY7y3xtEwbKFg2huFZ0TruzCdfJlmPd/rFzyvmMheePKsiA7CZp/KqL3mflBOzEmjLA=="
    },
    "typescript": {
      "version": "5.2.2",
      "resolved": "https://registry.npmjs.org/typescript/-/typescript-5.2.2.tgz",
      "integrity": "sha512-mI4WrpHsbCIcwT9cF4FZvr80QUeKvsUsUvKDoR+X/7XHQH98xYD8YHZg7ANtz2GtZt/CBq2QJ0thkGJMHfqc1w==",
      "dev": true
    }
  }
}
